
Microsoft Visual Studio Solution File, Format Version 12.00
# Visual Studio 15
VisualStudioVersion = 15.0.28307.421
MinimumVisualStudioVersion = 10.0.40219.1
Project("{FAE04EC0-301F-11D3-BF4B-00C04F79EFBC}") = "DecoratorPatternDemo", "DecoratorPattern\DecoratorPatternDemo.csproj", "{EB9F3272-9E4B-4E20-A956-AA636DF104D7}"
EndProject
Project("{FAE04EC0-301F-11D3-BF4B-00C04F79EFBC}") = "DecoratorPatternDemoTest", "DecoratorPatternDemoTest\DecoratorPatternDemoTest.csproj", "{6445D1A2-62DE-4A59-815F-35FD60191A26}"
EndProject
Global
	GlobalSection(SolutionConfigurationPlatforms) = preSolution
		Debug|Any CPU = Debug|Any CPU
		Release|Any CPU = Release|Any CPU
	EndGlobalSection
	GlobalSection(ProjectConfigurationPlatforms) = postSolution
		{EB9F3272-9E4B-4E20-A956-AA636DF104D7}.Debug|Any CPU.ActiveCfg = Debug|Any CPU
		{EB9F3272-9E4B-4E20-A956-AA636DF104D7}.Debug|Any CPU.Build.0 = Debug|Any CPU
		{EB9F3272-9E4B-4E20-A956-AA636DF104D7}.Release|Any CPU.ActiveCfg = Release|Any CPU
		{EB9F3272-9E4B-4E20-A956-AA636DF104D7}.Release|Any CPU.Build.0 = Release|Any CPU
		{6445D1A2-62DE-4A59-815F-35FD60191A26}.Debug|Any CPU.ActiveCfg = Debug|Any CPU
		{6445D1A2-62DE-4A59-815F-35FD60191A26}.Debug|Any CPU.Build.0 = Debug|Any CPU
		{6445D1A2-62DE-4A59-815F-35FD60191A26}.Release|Any CPU.ActiveCfg = Release|Any CPU
		{6445D1A2-62DE-4A59-815F-35FD60191A26}.Release|Any CPU.Build.0 = Release|Any CPU
	EndGlobalSection
	GlobalSection(SolutionProperties) = preSolution
		HideSolutionNode = FALSE
	EndGlobalSection
	GlobalSection(ExtensibilityGlobals) = postSolution
		SolutionGuid = {D56D800F-77C9-43B8-B750-B67D0ADB169F}
	EndGlobalSection
EndGlobal
